
Microsoft Visual Studio Solution File, Format Version 12.00
# Visual Studio 14
VisualStudioVersion = 14.0.25420.1
MinimumVisualStudioVersion = 10.0.40219.1
Project("{FAE04EC0-301F-11D3-BF4B-00C04F79EFBC}") = "HelloWorld", "HelloWorld\HelloWorld.csproj", "{AB666AD7-5698-4EC7-A730-E2399DD07EB5}"
EndProject
Project("{FAE04EC0-301F-11D3-BF4B-00C04F79EFBC}") = "HelloWorldTests", "HelloWorldTests\HelloWorldTests.csproj", "{2EFF269E-3CEE-44EE-A672-C5166BB44513}"
	ProjectSection(ProjectDependencies) = postProject
		{AB666AD7-5698-4EC7-A730-E2399DD07EB5} = {AB666AD7-5698-4EC7-A730-E2399DD07EB5}
	EndProjectSection
EndProject
Global
	GlobalSection(SolutionConfigurationPlatforms) = preSolution
		Debug|Any CPU = Debug|Any CPU
		Release|Any CPU = Release|Any CPU
	EndGlobalSection
	GlobalSection(ProjectConfigurationPlatforms) = postSolution
		{AB666AD7-5698-4EC7-A730-E2399DD07EB5}.Debug|Any CPU.ActiveCfg = Debug|Any CPU
		{AB666AD7-5698-4EC7-A730-E2399DD07EB5}.Debug|Any CPU.Build.0 = Debug|Any CPU
		{AB666AD7-5698-4EC7-A730-E2399DD07EB5}.Release|Any CPU.ActiveCfg = Release|Any CPU
		{AB666AD7-5698-4EC7-A730-E2399DD07EB5}.Release|Any CPU.Build.0 = Release|Any CPU
		{2EFF269E-3CEE-44EE-A672-C5166BB44513}.Debug|Any CPU.ActiveCfg = Debug|Any CPU
		{2EFF269E-3CEE-44EE-A672-C5166BB44513}.Debug|Any CPU.Build.0 = Debug|Any CPU
		{2EFF269E-3CEE-44EE-A672-C5166BB44513}.Release|Any CPU.ActiveCfg = Release|Any CPU
		{2EFF269E-3CEE-44EE-A672-C5166BB44513}.Release|Any CPU.Build.0 = Release|Any CPU
	EndGlobalSection
	GlobalSection(SolutionProperties) = preSolution
		HideSolutionNode = FALSE
	EndGlobalSection
EndGlobal
